
Microsoft Visual Studio Solution File, Format Version 12.00
# Visual Studio Version 17
VisualStudioVersion = 17.4.33213.308
MinimumVisualStudioVersion = 10.0.40219.1
Project("{9A19103F-16F7-4668-BE54-9A1E7A4F7556}") = "Api", "Api\Api.csproj", "{485F33CD-EBB4-4D3D-87DD-513E80A91F2B}"
EndProject
Project("{9A19103F-16F7-4668-BE54-9A1E7A4F7556}") = "ClientConsoleApp", "ClientConsoleApp\ClientConsoleApp.csproj", "{5209AC66-A9B7-4674-A2F0-BE45903EA75C}"
EndProject
Project("{9A19103F-16F7-4668-BE54-9A1E7A4F7556}") = "AppInfrastructure", "AppInfrastructure\AppInfrastructure.csproj", "{9CE55995-7BF2-4AD7-BA7D-7222C2997C7E}"
EndProject
Project("{9A19103F-16F7-4668-BE54-9A1E7A4F7556}") = "Database", "Database\Database.csproj", "{EA371063-AFA3-4C07-A65B-C66FC6EFED83}"
EndProject
Global
	GlobalSection(SolutionConfigurationPlatforms) = preSolution
		Debug|Any CPU = Debug|Any CPU
		Release|Any CPU = Release|Any CPU
	EndGlobalSection
	GlobalSection(ProjectConfigurationPlatforms) = postSolution
		{485F33CD-EBB4-4D3D-87DD-513E80A91F2B}.Debug|Any CPU.ActiveCfg = Debug|Any CPU
		{485F33CD-EBB4-4D3D-87DD-513E80A91F2B}.Debug|Any CPU.Build.0 = Debug|Any CPU
		{485F33CD-EBB4-4D3D-87DD-513E80A91F2B}.Release|Any CPU.ActiveCfg = Release|Any CPU
		{485F33CD-EBB4-4D3D-87DD-513E80A91F2B}.Release|Any CPU.Build.0 = Release|Any CPU
		{5209AC66-A9B7-4674-A2F0-BE45903EA75C}.Debug|Any CPU.ActiveCfg = Debug|Any CPU
		{5209AC66-A9B7-4674-A2F0-BE45903EA75C}.Debug|Any CPU.Build.0 = Debug|Any CPU
		{5209AC66-A9B7-4674-A2F0-BE45903EA75C}.Release|Any CPU.ActiveCfg = Release|Any CPU
		{5209AC66-A9B7-4674-A2F0-BE45903EA75C}.Release|Any CPU.Build.0 = Release|Any CPU
		{9CE55995-7BF2-4AD7-BA7D-7222C2997C7E}.Debug|Any CPU.ActiveCfg = Debug|Any CPU
		{9CE55995-7BF2-4AD7-BA7D-7222C2997C7E}.Debug|Any CPU.Build.0 = Debug|Any CPU
		{9CE55995-7BF2-4AD7-BA7D-7222C2997C7E}.Release|Any CPU.ActiveCfg = Release|Any CPU
		{9CE55995-7BF2-4AD7-BA7D-7222C2997C7E}.Release|Any CPU.Build.0 = Release|Any CPU
		{EA371063-AFA3-4C07-A65B-C66FC6EFED83}.Debug|Any CPU.ActiveCfg = Debug|Any CPU
		{EA371063-AFA3-4C07-A65B-C66FC6EFED83}.Debug|Any CPU.Build.0 = Debug|Any CPU
		{EA371063-AFA3-4C07-A65B-C66FC6EFED83}.Release|Any CPU.ActiveCfg = Release|Any CPU
		{EA371063-AFA3-4C07-A65B-C66FC6EFED83}.Release|Any CPU.Build.0 = Release|Any CPU
	EndGlobalSection
	GlobalSection(SolutionProperties) = preSolution
		HideSolutionNode = FALSE
	EndGlobalSection
	GlobalSection(ExtensibilityGlobals) = postSolution
		SolutionGuid = {78DF05F4-B2AB-4662-89C3-833788CA9441}
	EndGlobalSection
EndGlobal
